
Microsoft Visual Studio Solution File, Format Version 12.00
# Visual Studio 14
VisualStudioVersion = 14.0.25123.0
MinimumVisualStudioVersion = 10.0.40219.1
Project("{FAE04EC0-301F-11D3-BF4B-00C04F79EFBC}") = "SolutionTemplate.IdentityServer", "SolutionTemplate.IdentityServer\SolutionTemplate.IdentityServer.csproj", "{50A785AF-0AC8-4FC0-A366-597F92A7C909}"
EndProject
Project("{00D1A9C2-B5F0-4AF3-8072-F6C62B433612}") = "SolutionTemplate.Database", "SolutionTemplate.Database\SolutionTemplate.Database.sqlproj", "{3CF33043-0877-4CD7-9139-7EA5D6D4694D}"
EndProject
Project("{FAE04EC0-301F-11D3-BF4B-00C04F79EFBC}") = "SolutionTemplate.DataAccess", "SolutionTemplate.DataAccess\SolutionTemplate.DataAccess.csproj", "{2746BC01-19D6-4023-8E8F-E63039DDEAA1}"
EndProject
Project("{FAE04EC0-301F-11D3-BF4B-00C04F79EFBC}") = "SolutionTemplate.DataModel", "SolutionTemplate.DataModel\SolutionTemplate.DataModel.csproj", "{B63759FD-95D4-4DBC-AE3C-AF3F8AAFFCCF}"
EndProject
Project("{FAE04EC0-301F-11D3-BF4B-00C04F79EFBC}") = "SolutionTemplate.Service", "SolutionTemplate.Service\SolutionTemplate.Service.csproj", "{5E104287-DC01-4091-9533-AF6E983253B4}"
EndProject
Project("{FAE04EC0-301F-11D3-BF4B-00C04F79EFBC}") = "SolutionTemplate.Core", "SolutionTemplate.Core\SolutionTemplate.Core.csproj", "{019231A8-A25D-4B9F-933B-8A8D80309861}"
EndProject
Project("{FAE04EC0-301F-11D3-BF4B-00C04F79EFBC}") = "SolutionTemplate.BusinessModel", "SolutionTemplate.BusinessModel\SolutionTemplate.BusinessModel.csproj", "{DD850C05-75C5-421D-B94C-5DF951A79A1A}"
EndProject
Project("{FAE04EC0-301F-11D3-BF4B-00C04F79EFBC}") = "SolutionTemplate.Service.Test", "SolutionTemplate.Service.Test\SolutionTemplate.Service.Test.csproj", "{B868B88E-CD84-4D61-85E7-894EB9EFF05A}"
EndProject
Global
	GlobalSection(SolutionConfigurationPlatforms) = preSolution
		Debug|Any CPU = Debug|Any CPU
		Release|Any CPU = Release|Any CPU
	EndGlobalSection
	GlobalSection(ProjectConfigurationPlatforms) = postSolution
		{50A785AF-0AC8-4FC0-A366-597F92A7C909}.Debug|Any CPU.ActiveCfg = Debug|Any CPU
		{50A785AF-0AC8-4FC0-A366-597F92A7C909}.Debug|Any CPU.Build.0 = Debug|Any CPU
		{50A785AF-0AC8-4FC0-A366-597F92A7C909}.Release|Any CPU.ActiveCfg = Release|Any CPU
		{50A785AF-0AC8-4FC0-A366-597F92A7C909}.Release|Any CPU.Build.0 = Release|Any CPU
		{3CF33043-0877-4CD7-9139-7EA5D6D4694D}.Debug|Any CPU.ActiveCfg = Debug|Any CPU
		{3CF33043-0877-4CD7-9139-7EA5D6D4694D}.Debug|Any CPU.Build.0 = Debug|Any CPU
		{3CF33043-0877-4CD7-9139-7EA5D6D4694D}.Debug|Any CPU.Deploy.0 = Debug|Any CPU
		{3CF33043-0877-4CD7-9139-7EA5D6D4694D}.Release|Any CPU.ActiveCfg = Release|Any CPU
		{3CF33043-0877-4CD7-9139-7EA5D6D4694D}.Release|Any CPU.Build.0 = Release|Any CPU
		{3CF33043-0877-4CD7-9139-7EA5D6D4694D}.Release|Any CPU.Deploy.0 = Release|Any CPU
		{2746BC01-19D6-4023-8E8F-E63039DDEAA1}.Debug|Any CPU.ActiveCfg = Debug|Any CPU
		{2746BC01-19D6-4023-8E8F-E63039DDEAA1}.Debug|Any CPU.Build.0 = Debug|Any CPU
		{2746BC01-19D6-4023-8E8F-E63039DDEAA1}.Release|Any CPU.ActiveCfg = Release|Any CPU
		{2746BC01-19D6-4023-8E8F-E63039DDEAA1}.Release|Any CPU.Build.0 = Release|Any CPU
		{B63759FD-95D4-4DBC-AE3C-AF3F8AAFFCCF}.Debug|Any CPU.ActiveCfg = Debug|Any CPU
		{B63759FD-95D4-4DBC-AE3C-AF3F8AAFFCCF}.Debug|Any CPU.Build.0 = Debug|Any CPU
		{B63759FD-95D4-4DBC-AE3C-AF3F8AAFFCCF}.Release|Any CPU.ActiveCfg = Release|Any CPU
		{B63759FD-95D4-4DBC-AE3C-AF3F8AAFFCCF}.Release|Any CPU.Build.0 = Release|Any CPU
		{5E104287-DC01-4091-9533-AF6E983253B4}.Debug|Any CPU.ActiveCfg = Debug|Any CPU
		{5E104287-DC01-4091-9533-AF6E983253B4}.Debug|Any CPU.Build.0 = Debug|Any CPU
		{5E104287-DC01-4091-9533-AF6E983253B4}.Release|Any CPU.ActiveCfg = Release|Any CPU
		{5E104287-DC01-4091-9533-AF6E983253B4}.Release|Any CPU.Build.0 = Release|Any CPU
		{019231A8-A25D-4B9F-933B-8A8D80309861}.Debug|Any CPU.ActiveCfg = Debug|Any CPU
		{019231A8-A25D-4B9F-933B-8A8D80309861}.Debug|Any CPU.Build.0 = Debug|Any CPU
		{019231A8-A25D-4B9F-933B-8A8D80309861}.Release|Any CPU.ActiveCfg = Release|Any CPU
		{019231A8-A25D-4B9F-933B-8A8D80309861}.Release|Any CPU.Build.0 = Release|Any CPU
		{DD850C05-75C5-421D-B94C-5DF951A79A1A}.Debug|Any CPU.ActiveCfg = Debug|Any CPU
		{DD850C05-75C5-421D-B94C-5DF951A79A1A}.Debug|Any CPU.Build.0 = Debug|Any CPU
		{DD850C05-75C5-421D-B94C-5DF951A79A1A}.Release|Any CPU.ActiveCfg = Release|Any CPU
		{DD850C05-75C5-421D-B94C-5DF951A79A1A}.Release|Any CPU.Build.0 = Release|Any CPU
		{B868B88E-CD84-4D61-85E7-894EB9EFF05A}.Debug|Any CPU.ActiveCfg = Debug|Any CPU
		{B868B88E-CD84-4D61-85E7-894EB9EFF05A}.Debug|Any CPU.Build.0 = Debug|Any CPU
		{B868B88E-CD84-4D61-85E7-894EB9EFF05A}.Release|Any CPU.ActiveCfg = Release|Any CPU
		{B868B88E-CD84-4D61-85E7-894EB9EFF05A}.Release|Any CPU.Build.0 = Release|Any CPU
	EndGlobalSection
	GlobalSection(SolutionProperties) = preSolution
		HideSolutionNode = FALSE
	EndGlobalSection
EndGlobal
